
Microsoft Visual Studio Solution File, Format Version 12.00
# Visual Studio Version 16
VisualStudioVersion = 16.0.29424.173
MinimumVisualStudioVersion = 10.0.40219.1
Project("{888888A0-9F3D-457C-B088-3A5042F75D52}") = "Snipe_Mac_API", "Snipe_Mac_API\Snipe_Mac_API.pyproj", "{E1211BA1-25B1-41D0-B208-03BC8903D7D7}"
EndProject
Project("{888888A0-9F3D-457C-B088-3A5042F75D52}") = "SnipeIT_Asset_Pull", "SnipeIT_Asset_Pull\SnipeIT_Asset_Pull.pyproj", "{83615E0E-8AB8-403E-AA6D-B1CE6AEA4697}"
EndProject
Project("{888888A0-9F3D-457C-B088-3A5042F75D52}") = "Generalized_API", "Generalized_API\Generalized_API.pyproj", "{048E8DFB-073D-470D-BDB6-7EE39A969827}"
EndProject
Global
	GlobalSection(SolutionConfigurationPlatforms) = preSolution
		Debug|Any CPU = Debug|Any CPU
		Release|Any CPU = Release|Any CPU
	EndGlobalSection
	GlobalSection(ProjectConfigurationPlatforms) = postSolution
		{E1211BA1-25B1-41D0-B208-03BC8903D7D7}.Debug|Any CPU.ActiveCfg = Debug|Any CPU
		{E1211BA1-25B1-41D0-B208-03BC8903D7D7}.Release|Any CPU.ActiveCfg = Release|Any CPU
		{83615E0E-8AB8-403E-AA6D-B1CE6AEA4697}.Debug|Any CPU.ActiveCfg = Debug|Any CPU
		{83615E0E-8AB8-403E-AA6D-B1CE6AEA4697}.Release|Any CPU.ActiveCfg = Release|Any CPU
		{048E8DFB-073D-470D-BDB6-7EE39A969827}.Debug|Any CPU.ActiveCfg = Debug|Any CPU
		{048E8DFB-073D-470D-BDB6-7EE39A969827}.Release|Any CPU.ActiveCfg = Release|Any CPU
	EndGlobalSection
	GlobalSection(SolutionProperties) = preSolution
		HideSolutionNode = FALSE
	EndGlobalSection
	GlobalSection(ExtensibilityGlobals) = postSolution
		SolutionGuid = {B2B74E6F-FA99-4146-B57F-39A9063A1819}
	EndGlobalSection
EndGlobal
